
Microsoft Visual Studio Solution File, Format Version 12.00
# Visual Studio Version 16
VisualStudioVersion = 16.0.29418.71
MinimumVisualStudioVersion = 10.0.40219.1
Project("{FAE04EC0-301F-11D3-BF4B-00C04F79EFBC}") = "TestIdeas", "TestIdeas\TestIdeas.csproj", "{6467AEEA-2EC2-4288-9A3A-2DCFBF93F728}"
EndProject
Project("{FAE04EC0-301F-11D3-BF4B-00C04F79EFBC}") = "TestIdeas.Tests", "TestIdeas.Tests\TestIdeas.Tests.csproj", "{EC21CD59-83DF-4A01-B842-21D352139600}"
EndProject
Global
	GlobalSection(SolutionConfigurationPlatforms) = preSolution
		Debug|Any CPU = Debug|Any CPU
		Release|Any CPU = Release|Any CPU
	EndGlobalSection
	GlobalSection(ProjectConfigurationPlatforms) = postSolution
		{6467AEEA-2EC2-4288-9A3A-2DCFBF93F728}.Debug|Any CPU.ActiveCfg = Debug|Any CPU
		{6467AEEA-2EC2-4288-9A3A-2DCFBF93F728}.Debug|Any CPU.Build.0 = Debug|Any CPU
		{6467AEEA-2EC2-4288-9A3A-2DCFBF93F728}.Release|Any CPU.ActiveCfg = Release|Any CPU
		{6467AEEA-2EC2-4288-9A3A-2DCFBF93F728}.Release|Any CPU.Build.0 = Release|Any CPU
		{EC21CD59-83DF-4A01-B842-21D352139600}.Debug|Any CPU.ActiveCfg = Debug|Any CPU
		{EC21CD59-83DF-4A01-B842-21D352139600}.Debug|Any CPU.Build.0 = Debug|Any CPU
		{EC21CD59-83DF-4A01-B842-21D352139600}.Release|Any CPU.ActiveCfg = Release|Any CPU
		{EC21CD59-83DF-4A01-B842-21D352139600}.Release|Any CPU.Build.0 = Release|Any CPU
	EndGlobalSection
	GlobalSection(SolutionProperties) = preSolution
		HideSolutionNode = FALSE
	EndGlobalSection
	GlobalSection(ExtensibilityGlobals) = postSolution
		SolutionGuid = {CAF5A6D5-5F8F-4182-B68A-C0273073CDA1}
	EndGlobalSection
EndGlobal
